
Microsoft Visual Studio Solution File, Format Version 12.00
# Visual Studio 14
VisualStudioVersion = 14.0.24720.0
MinimumVisualStudioVersion = 10.0.40219.1
Project("{FAE04EC0-301F-11D3-BF4B-00C04F79EFBC}") = "LandBClient", "LandBClient\LandBClient.csproj", "{2B67AEEB-14B7-4CAE-A87F-D123337E00FE}"
	ProjectSection(ProjectDependencies) = postProject
		{28F07E3C-1106-4EC7-B1DC-E0C43873AAE2} = {28F07E3C-1106-4EC7-B1DC-E0C43873AAE2}
		{74441B78-0288-4F05-B56A-7B0E0550B78C} = {74441B78-0288-4F05-B56A-7B0E0550B78C}
		{960CEDF8-8508-4EF1-B4F3-B822B1C0D5AF} = {960CEDF8-8508-4EF1-B4F3-B822B1C0D5AF}
	EndProjectSection
EndProject
Project("{FAE04EC0-301F-11D3-BF4B-00C04F79EFBC}") = "LandBClient.Core", "LandBClient.Core\LandBClient.Core.csproj", "{960CEDF8-8508-4EF1-B4F3-B822B1C0D5AF}"
	ProjectSection(ProjectDependencies) = postProject
		{28F07E3C-1106-4EC7-B1DC-E0C43873AAE2} = {28F07E3C-1106-4EC7-B1DC-E0C43873AAE2}
		{74441B78-0288-4F05-B56A-7B0E0550B78C} = {74441B78-0288-4F05-B56A-7B0E0550B78C}
	EndProjectSection
EndProject
Project("{FAE04EC0-301F-11D3-BF4B-00C04F79EFBC}") = "LandBClient.Extensions", "LandBClient.Extensions\LandBClient.Extensions.csproj", "{74441B78-0288-4F05-B56A-7B0E0550B78C}"
EndProject
Project("{FAE04EC0-301F-11D3-BF4B-00C04F79EFBC}") = "LandBClient.LogWriter", "LandBClient.LogWriter\LandBClient.LogWriter.csproj", "{28F07E3C-1106-4EC7-B1DC-E0C43873AAE2}"
EndProject
Global
	GlobalSection(SolutionConfigurationPlatforms) = preSolution
		Debug|Any CPU = Debug|Any CPU
		Release|Any CPU = Release|Any CPU
	EndGlobalSection
	GlobalSection(ProjectConfigurationPlatforms) = postSolution
		{2B67AEEB-14B7-4CAE-A87F-D123337E00FE}.Debug|Any CPU.ActiveCfg = Debug|Any CPU
		{2B67AEEB-14B7-4CAE-A87F-D123337E00FE}.Debug|Any CPU.Build.0 = Debug|Any CPU
		{2B67AEEB-14B7-4CAE-A87F-D123337E00FE}.Release|Any CPU.ActiveCfg = Release|Any CPU
		{2B67AEEB-14B7-4CAE-A87F-D123337E00FE}.Release|Any CPU.Build.0 = Release|Any CPU
		{960CEDF8-8508-4EF1-B4F3-B822B1C0D5AF}.Debug|Any CPU.ActiveCfg = Debug|Any CPU
		{960CEDF8-8508-4EF1-B4F3-B822B1C0D5AF}.Debug|Any CPU.Build.0 = Debug|Any CPU
		{960CEDF8-8508-4EF1-B4F3-B822B1C0D5AF}.Release|Any CPU.ActiveCfg = Release|Any CPU
		{960CEDF8-8508-4EF1-B4F3-B822B1C0D5AF}.Release|Any CPU.Build.0 = Release|Any CPU
		{74441B78-0288-4F05-B56A-7B0E0550B78C}.Debug|Any CPU.ActiveCfg = Debug|Any CPU
		{74441B78-0288-4F05-B56A-7B0E0550B78C}.Debug|Any CPU.Build.0 = Debug|Any CPU
		{74441B78-0288-4F05-B56A-7B0E0550B78C}.Release|Any CPU.ActiveCfg = Release|Any CPU
		{74441B78-0288-4F05-B56A-7B0E0550B78C}.Release|Any CPU.Build.0 = Release|Any CPU
		{28F07E3C-1106-4EC7-B1DC-E0C43873AAE2}.Debug|Any CPU.ActiveCfg = Debug|Any CPU
		{28F07E3C-1106-4EC7-B1DC-E0C43873AAE2}.Debug|Any CPU.Build.0 = Debug|Any CPU
		{28F07E3C-1106-4EC7-B1DC-E0C43873AAE2}.Release|Any CPU.ActiveCfg = Release|Any CPU
		{28F07E3C-1106-4EC7-B1DC-E0C43873AAE2}.Release|Any CPU.Build.0 = Release|Any CPU
	EndGlobalSection
	GlobalSection(SolutionProperties) = preSolution
		HideSolutionNode = FALSE
	EndGlobalSection
EndGlobal
